// !$*UTF8*$!
{
	archiveVersion = 1;
	classes = {
	};
	objectVersion = 46;
	objects = {

/* Begin PBXBuildFile section */
		11C744C21C4E7AD600A4C9DB /* UIColor+Most.m in Sources */ = {isa = PBXBuildFile; fileRef = 11C744C11C4E7AD600A4C9DB /* UIColor+Most.m */; };
		11C744C61C4E7ADE00A4C9DB /* SongModel.m in Sources */ = {isa = PBXBuildFile; fileRef = 11C744C51C4E7ADE00A4C9DB /* SongModel.m */; };
		11C744CA1C4E7AE500A4C9DB /* PlayView.m in Sources */ = {isa = PBXBuildFile; fileRef = 11C744C91C4E7AE500A4C9DB /* PlayView.m */; };
		11C744D01C4E7AEC00A4C9DB /* MainViewController.m in Sources */ = {isa = PBXBuildFile; fileRef = 11C744CD1C4E7AEC00A4C9DB /* MainViewController.m */; };
		11C744D11C4E7AEC00A4C9DB /* RootViewController.m in Sources */ = {isa = PBXBuildFile; fileRef = 11C744CF1C4E7AEC00A4C9DB /* RootViewController.m */; };
		11C744D51C4E7AFA00A4C9DB /* Info.plist in Resources */ = {isa = PBXBuildFile; fileRef = 11C744D31C4E7AFA00A4C9DB /* Info.plist */; };
		11C744D61C4E7AFA00A4C9DB /* 金玟岐-岁月神偷.mp3 in Resources */ = {isa = PBXBuildFile; fileRef = 11C744D41C4E7AFA00A4C9DB /* 金玟岐-岁月神偷.mp3 */; };
		11C744D81C4E7B5300A4C9DB /* Assets.xcassets in Resources */ = {isa = PBXBuildFile; fileRef = 11C744D71C4E7B5300A4C9DB /* Assets.xcassets */; };
		11C744DE1C4E7B5D00A4C9DB /* LaunchScreen.storyboard in Resources */ = {isa = PBXBuildFile; fileRef = 11C744DA1C4E7B5D00A4C9DB /* LaunchScreen.storyboard */; };
		11C744DF1C4E7B5D00A4C9DB /* Main.storyboard in Resources */ = {isa = PBXBuildFile; fileRef = 11C744DC1C4E7B5D00A4C9DB /* Main.storyboard */; };
		11C744E21C4E7D1100A4C9DB /* AlbumCoverView.m in Sources */ = {isa = PBXBuildFile; fileRef = 11C744E11C4E7D1100A4C9DB /* AlbumCoverView.m */; };
		44A844821C4E1DE800864DFC /* main.m in Sources */ = {isa = PBXBuildFile; fileRef = 44A844811C4E1DE800864DFC /* main.m */; };
		44A844851C4E1DE800864DFC /* AppDelegate.m in Sources */ = {isa = PBXBuildFile; fileRef = 44A844841C4E1DE800864DFC /* AppDelegate.m */; };
/* End PBXBuildFile section */

/* Begin PBXFileReference section */
		11C744C01C4E7AD600A4C9DB /* UIColor+Most.h */ = {isa = PBXFileReference; fileEncoding = 4; lastKnownFileType = sourcecode.c.h; path = "UIColor+Most.h"; sourceTree = "<group>"; };
		11C744C11C4E7AD600A4C9DB /* UIColor+Most.m */ = {isa = PBXFileReference; fileEncoding = 4; lastKnownFileType = sourcecode.c.objc; path = "UIColor+Most.m"; sourceTree = "<group>"; };
		11C744C41C4E7ADE00A4C9DB /* SongModel.h */ = {isa = PBXFileReference; fileEncoding = 4; lastKnownFileType = sourcecode.c.h; path = SongModel.h; sourceTree = "<group>"; };
		11C744C51C4E7ADE00A4C9DB /* SongModel.m */ = {isa = PBXFileReference; fileEncoding = 4; lastKnownFileType = sourcecode.c.objc; path = SongModel.m; sourceTree = "<group>"; };
		11C744C81C4E7AE500A4C9DB /* PlayView.h */ = {isa = PBXFileReference; fileEncoding = 4; lastKnownFileType = sourcecode.c.h; path = PlayView.h; sourceTree = "<group>"; };
		11C744C91C4E7AE500A4C9DB /* PlayView.m */ = {isa = PBXFileReference; fileEncoding = 4; lastKnownFileType = sourcecode.c.objc; path = PlayView.m; sourceTree = "<group>"; };
		11C744CC1C4E7AEC00A4C9DB /* MainViewController.h */ = {isa = PBXFileReference; fileEncoding = 4; lastKnownFileType = sourcecode.c.h; path = MainViewController.h; sourceTree = "<group>"; };
		11C744CD1C4E7AEC00A4C9DB /* MainViewController.m */ = {isa = PBXFileReference; fileEncoding = 4; lastKnownFileType = sourcecode.c.objc; path = MainViewController.m; sourceTree = "<group>"; };
		11C744CE1C4E7AEC00A4C9DB /* RootViewController.h */ = {isa = PBXFileReference; fileEncoding = 4; lastKnownFileType = sourcecode.c.h; path = RootViewController.h; sourceTree = "<group>"; };
		11C744CF1C4E7AEC00A4C9DB /* RootViewController.m */ = {isa = PBXFileReference; fileEncoding = 4; lastKnownFileType = sourcecode.c.objc; path = RootViewController.m; sourceTree = "<group>"; };
		11C744D31C4E7AFA00A4C9DB /* Info.plist */ = {isa = PBXFileReference; fileEncoding = 4; lastKnownFileType = text.plist.xml; path = Info.plist; sourceTree = "<group>"; };
		11C744D41C4E7AFA00A4C9DB /* 金玟岐-岁月神偷.mp3 */ = {isa = PBXFileReference; lastKnownFileType = audio.mp3; path = "金玟岐-岁月神偷.mp3"; sourceTree = "<group>"; };
		11C744D71C4E7B5300A4C9DB /* Assets.xcassets */ = {isa = PBXFileReference; lastKnownFileType = folder.assetcatalog; path = Assets.xcassets; sourceTree = "<group>"; };
		11C744DB1C4E7B5D00A4C9DB /* Base */ = {isa = PBXFileReference; lastKnownFileType = file.storyboard; name = Base; path = LaunchScreen.storyboard; sourceTree = "<group>"; };
		11C744DD1C4E7B5D00A4C9DB /* Base */ = {isa = PBXFileReference; lastKnownFileType = file.storyboard; name = Base; path = Main.storyboard; sourceTree = "<group>"; };
		11C744E01C4E7D1100A4C9DB /* AlbumCoverView.h */ = {isa = PBXFileReference; fileEncoding = 4; lastKnownFileType = sourcecode.c.h; path = AlbumCoverView.h; sourceTree = "<group>"; };
		11C744E11C4E7D1100A4C9DB /* AlbumCoverView.m */ = {isa = PBXFileReference; fileEncoding = 4; lastKnownFileType = sourcecode.c.objc; path = AlbumCoverView.m; sourceTree = "<group>"; };
		44A8447D1C4E1DE800864DFC /* Xiami.app */ = {isa = PBXFileReference; explicitFileType = wrapper.application; includeInIndex = 0; path = Xiami.app; sourceTree = BUILT_PRODUCTS_DIR; };
		44A844811C4E1DE800864DFC /* main.m */ = {isa = PBXFileReference; lastKnownFileType = sourcecode.c.objc; path = main.m; sourceTree = "<group>"; };
		44A844831C4E1DE800864DFC /* AppDelegate.h */ = {isa = PBXFileReference; lastKnownFileType = sourcecode.c.h; path = AppDelegate.h; sourceTree = "<group>"; };
		44A844841C4E1DE800864DFC /* AppDelegate.m */ = {isa = PBXFileReference; lastKnownFileType = sourcecode.c.objc; path = AppDelegate.m; sourceTree = "<group>"; };
/* End PBXFileReference section */

/* Begin PBXFrameworksBuildPhase section */
		44A8447A1C4E1DE800864DFC /* Frameworks */ = {
			isa = PBXFrameworksBuildPhase;
			buildActionMask = 2147483647;
			files = (
			);
			runOnlyForDeploymentPostprocessing = 0;
		};
/* End PBXFrameworksBuildPhase section */

/* Begin PBXGroup section */
		11C744BF1C4E7AD600A4C9DB /* Lib */ = {
			isa = PBXGroup;
			children = (
				11C744C01C4E7AD600A4C9DB /* UIColor+Most.h */,
				11C744C11C4E7AD600A4C9DB /* UIColor+Most.m */,
			);
			path = Lib;
			sourceTree = "<group>";
		};
		11C744C31C4E7ADE00A4C9DB /* Model */ = {
			isa = PBXGroup;
			children = (
				11C744C41C4E7ADE00A4C9DB /* SongModel.h */,
				11C744C51C4E7ADE00A4C9DB /* SongModel.m */,
			);
			path = Model;
			sourceTree = "<group>";
		};
		11C744C71C4E7AE500A4C9DB /* View */ = {
			isa = PBXGroup;
			children = (
				11C744C81C4E7AE500A4C9DB /* PlayView.h */,
				11C744C91C4E7AE500A4C9DB /* PlayView.m */,
				11C744E01C4E7D1100A4C9DB /* AlbumCoverView.h */,
				11C744E11C4E7D1100A4C9DB /* AlbumCoverView.m */,
			);
			path = View;
			sourceTree = "<group>";
		};
		11C744CB1C4E7AEC00A4C9DB /* Controller */ = {
			isa = PBXGroup;
			children = (
				11C744CC1C4E7AEC00A4C9DB /* MainViewController.h */,
				11C744CD1C4E7AEC00A4C9DB /* MainViewController.m */,
				11C744CE1C4E7AEC00A4C9DB /* RootViewController.h */,
				11C744CF1C4E7AEC00A4C9DB /* RootViewController.m */,
			);
			path = Controller;
			sourceTree = "<group>";
		};
		11C744D21C4E7AFA00A4C9DB /* Bundle File */ = {
			isa = PBXGroup;
			children = (
				11C744D31C4E7AFA00A4C9DB /* Info.plist */,
				11C744D71C4E7B5300A4C9DB /* Assets.xcassets */,
				11C744D41C4E7AFA00A4C9DB /* 金玟岐-岁月神偷.mp3 */,
			);
			path = "Bundle File";
			sourceTree = "<group>";
		};
		44A844741C4E1DE800864DFC = {
			isa = PBXGroup;
			children = (
				44A8447F1C4E1DE800864DFC /* Xiami */,
				44A8447E1C4E1DE800864DFC /* Products */,
			);
			sourceTree = "<group>";
		};
		44A8447E1C4E1DE800864DFC /* Products */ = {
			isa = PBXGroup;
			children = (
				44A8447D1C4E1DE800864DFC /* Xiami.app */,
			);
			name = Products;
			sourceTree = "<group>";
		};
		44A8447F1C4E1DE800864DFC /* Xiami */ = {
			isa = PBXGroup;
			children = (
				44A844831C4E1DE800864DFC /* AppDelegate.h */,
				44A844841C4E1DE800864DFC /* AppDelegate.m */,
				11C744DC1C4E7B5D00A4C9DB /* Main.storyboard */,
				11C744BF1C4E7AD600A4C9DB /* Lib */,
				11C744C31C4E7ADE00A4C9DB /* Model */,
				11C744C71C4E7AE500A4C9DB /* View */,
				11C744CB1C4E7AEC00A4C9DB /* Controller */,
				11C744D21C4E7AFA00A4C9DB /* Bundle File */,
				44A844801C4E1DE800864DFC /* Supporting Files */,
			);
			path = Xiami;
			sourceTree = "<group>";
		};
		44A844801C4E1DE800864DFC /* Supporting Files */ = {
			isa = PBXGroup;
			children = (
				11C744DA1C4E7B5D00A4C9DB /* LaunchScreen.storyboard */,
				44A844811C4E1DE800864DFC /* main.m */,
			);
			name = "Supporting Files";
			sourceTree = "<group>";
		};
/* End PBXGroup section */

/* Begin PBXNativeTarget section */
		44A8447C1C4E1DE800864DFC /* Xiami */ = {
			isa = PBXNativeTarget;
			buildConfigurationList = 44A844941C4E1DE800864DFC /* Build configuration list for PBXNativeTarget "Xiami" */;
			buildPhases = (
				44A844791C4E1DE800864DFC /* Sources */,
				44A8447A1C4E1DE800864DFC /* Frameworks */,
				44A8447B1C4E1DE800864DFC /* Resources */,
			);
			buildRules = (
			);
			dependencies = (
			);
			name = Xiami;
			productName = Xiami;
			productReference = 44A8447D1C4E1DE800864DFC /* Xiami.app */;
			productType = "com.apple.product-type.application";
		};
/* End PBXNativeTarget section */

/* Begin PBXProject section */
		44A844751C4E1DE800864DFC /* Project object */ = {
			isa = PBXProject;
			attributes = {
				LastUpgradeCheck = 0720;
				ORGANIZATIONNAME = Shaun;
				TargetAttributes = {
					44A8447C1C4E1DE800864DFC = {
						CreatedOnToolsVersion = 7.2;
					};
				};
			};
			buildConfigurationList = 44A844781C4E1DE800864DFC /* Build configuration list for PBXProject "Xiami" */;
			compatibilityVersion = "Xcode 3.2";
			developmentRegion = English;
			hasScannedForEncodings = 0;
			knownRegions = (
				en,
				Base,
			);
			mainGroup = 44A844741C4E1DE800864DFC;
			productRefGroup = 44A8447E1C4E1DE800864DFC /* Products */;
			projectDirPath = "";
			projectRoot = "";
			targets = (
				44A8447C1C4E1DE800864DFC /* Xiami */,
			);
		};
/* End PBXProject section */

/* Begin PBXResourcesBuildPhase section */
		44A8447B1C4E1DE800864DFC /* Resources */ = {
			isa = PBXResourcesBuildPhase;
			buildActionMask = 2147483647;
			files = (
				11C744D61C4E7AFA00A4C9DB /* 金玟岐-岁月神偷.mp3 in Resources */,
				11C744DF1C4E7B5D00A4C9DB /* Main.storyboard in Resources */,
				11C744D51C4E7AFA00A4C9DB /* Info.plist in Resources */,
				11C744DE1C4E7B5D00A4C9DB /* LaunchScreen.storyboard in Resources */,
				11C744D81C4E7B5300A4C9DB /* Assets.xcassets in Resources */,
			);
			runOnlyForDeploymentPostprocessing = 0;
		};
/* End PBXResourcesBuildPhase section */

/* Begin PBXSourcesBuildPhase section */
		44A844791C4E1DE800864DFC /* Sources */ = {
			isa = PBXSourcesBuildPhase;
			buildActionMask = 2147483647;
			files = (
				11C744D01C4E7AEC00A4C9DB /* MainViewController.m in Sources */,
				11C744D11C4E7AEC00A4C9DB /* RootViewController.m in Sources */,
				44A844851C4E1DE800864DFC /* AppDelegate.m in Sources */,
				11C744CA1C4E7AE500A4C9DB /* PlayView.m in Sources */,
				11C744C61C4E7ADE00A4C9DB /* SongModel.m in Sources */,
				11C744C21C4E7AD600A4C9DB /* UIColor+Most.m in Sources */,
				11C744E21C4E7D1100A4C9DB /* AlbumCoverView.m in Sources */,
				44A844821C4E1DE800864DFC /* main.m in Sources */,
			);
			runOnlyForDeploymentPostprocessing = 0;
		};
/* End PBXSourcesBuildPhase section */

/* Begin PBXVariantGroup section */
		11C744DA1C4E7B5D00A4C9DB /* LaunchScreen.storyboard */ = {
			isa = PBXVariantGroup;
			children = (
				11C744DB1C4E7B5D00A4C9DB /* Base */,
			);
			name = LaunchScreen.storyboard;
			path = "Bundle File/Base.lproj";
			sourceTree = "<group>";
		};
		11C744DC1C4E7B5D00A4C9DB /* Main.storyboard */ = {
			isa = PBXVariantGroup;
			children = (
				11C744DD1C4E7B5D00A4C9DB /* Base */,
			);
			name = Main.storyboard;
			path = "Bundle File/Base.lproj";
			sourceTree = "<group>";
		};
/* End PBXVariantGroup section */

/* Begin XCBuildConfiguration section */
		44A844921C4E1DE800864DFC /* Debug */ = {
			isa = XCBuildConfiguration;
			buildSettings = {
				ALWAYS_SEARCH_USER_PATHS = NO;
				CLANG_CXX_LANGUAGE_STANDARD = "gnu++0x";
				CLANG_CXX_LIBRARY = "libc++";
				CLANG_ENABLE_MODULES = YES;
				CLANG_ENABLE_OBJC_ARC = YES;
				CLANG_WARN_BOOL_CONVERSION = YES;
				CLANG_WARN_CONSTANT_CONVERSION = YES;
				CLANG_WARN_DIRECT_OBJC_ISA_USAGE = YES_ERROR;
				CLANG_WARN_EMPTY_BODY = YES;
				CLANG_WARN_ENUM_CONVERSION = YES;
				CLANG_WARN_INT_CONVERSION = YES;
				CLANG_WARN_OBJC_ROOT_CLASS = YES_ERROR;
				CLANG_WARN_UNREACHABLE_CODE = YES;
				CLANG_WARN__DUPLICATE_METHOD_MATCH = YES;
				"CODE_SIGN_IDENTITY[sdk=iphoneos*]" = "iPhone Developer";
				COPY_PHASE_STRIP = NO;
				DEBUG_INFORMATION_FORMAT = dwarf;
				ENABLE_STRICT_OBJC_MSGSEND = YES;
				ENABLE_TESTABILITY = YES;
				GCC_C_LANGUAGE_STANDARD = gnu99;
				GCC_DYNAMIC_NO_PIC = NO;
				GCC_NO_COMMON_BLOCKS = YES;
				GCC_OPTIMIZATION_LEVEL = 0;
				GCC_PREPROCESSOR_DEFINITIONS = (
					"DEBUG=1",
					"$(inherited)",
				);
				GCC_WARN_64_TO_32_BIT_CONVERSION = YES;
				GCC_WARN_ABOUT_RETURN_TYPE = YES_ERROR;
				GCC_WARN_UNDECLARED_SELECTOR = YES;
				GCC_WARN_UNINITIALIZED_AUTOS = YES_AGGRESSIVE;
				GCC_WARN_UNUSED_FUNCTION = YES;
				GCC_WARN_UNUSED_VARIABLE = YES;
				IPHONEOS_DEPLOYMENT_TARGET = 9.2;
				MTL_ENABLE_DEBUG_INFO = YES;
				ONLY_ACTIVE_ARCH = YES;
				SDKROOT = iphoneos;
				TARGETED_DEVICE_FAMILY = "1,2";
			};
			name = Debug;
		};
		44A844931C4E1DE800864DFC /* Release */ = {
			isa = XCBuildConfiguration;
			buildSettings = {
				ALWAYS_SEARCH_USER_PATHS = NO;
				CLANG_CXX_LANGUAGE_STANDARD = "gnu++0x";
				CLANG_CXX_LIBRARY = "libc++";
				CLANG_ENABLE_MODULES = YES;
				CLANG_ENABLE_OBJC_ARC = YES;
				CLANG_WARN_BOOL_CONVERSION = YES;
				CLANG_WARN_CONSTANT_CONVERSION = YES;
				CLANG_WARN_DIRECT_OBJC_ISA_USAGE = YES_ERROR;
				CLANG_WARN_EMPTY_BODY = YES;
				CLANG_WARN_ENUM_CONVERSION = YES;
				CLANG_WARN_INT_CONVERSION = YES;
				CLANG_WARN_OBJC_ROOT_CLASS = YES_ERROR;
				CLANG_WARN_UNREACHABLE_CODE = YES;
				CLANG_WARN__DUPLICATE_METHOD_MATCH = YES;
				"CODE_SIGN_IDENTITY[sdk=iphoneos*]" = "iPhone Developer";
				COPY_PHASE_STRIP = NO;
				DEBUG_INFORMATION_FORMAT = "dwarf-with-dsym";
				ENABLE_NS_ASSERTIONS = NO;
				ENABLE_STRICT_OBJC_MSGSEND = YES;
				GCC_C_LANGUAGE_STANDARD = gnu99;
				GCC_NO_COMMON_BLOCKS = YES;
				GCC_WARN_64_TO_32_BIT_CONVERSION = YES;
				GCC_WARN_ABOUT_RETURN_TYPE = YES_ERROR;
				GCC_WARN_UNDECLARED_SELECTOR = YES;
				GCC_WARN_UNINITIALIZED_AUTOS = YES_AGGRESSIVE;
				GCC_WARN_UNUSED_FUNCTION = YES;
				GCC_WARN_UNUSED_VARIABLE = YES;
				IPHONEOS_DEPLOYMENT_TARGET = 9.2;
				MTL_ENABLE_DEBUG_INFO = NO;
				SDKROOT = iphoneos;
				TARGETED_DEVICE_FAMILY = "1,2";
				VALIDATE_PRODUCT = YES;
			};
			name = Release;
		};
		44A844951C4E1DE800864DFC /* Debug */ = {
			isa = XCBuildConfiguration;
			buildSettings = {
				ASSETCATALOG_COMPILER_APPICON_NAME = AppIcon;
				INFOPLIST_FILE = "Xiami/Bundle File/Info.plist";
				IPHONEOS_DEPLOYMENT_TARGET = 9.0;
				LD_RUNPATH_SEARCH_PATHS = "$(inherited) @executable_path/Frameworks";
				PRODUCT_BUNDLE_IDENTIFIER = smartshanghai.Xiami;
				PRODUCT_NAME = "$(TARGET_NAME)";
			};
			name = Debug;
		};
		44A844961C4E1DE800864DFC /* Release */ = {
			isa = XCBuildConfiguration;
			buildSettings = {
				ASSETCATALOG_COMPILER_APPICON_NAME = AppIcon;
				INFOPLIST_FILE = "Xiami/Bundle File/Info.plist";
				IPHONEOS_DEPLOYMENT_TARGET = 9.0;
				LD_RUNPATH_SEARCH_PATHS = "$(inherited) @executable_path/Frameworks";
				PRODUCT_BUNDLE_IDENTIFIER = smartshanghai.Xiami;
				PRODUCT_NAME = "$(TARGET_NAME)";
			};
			name = Release;
		};
/* End XCBuildConfiguration section */

/* Begin XCConfigurationList section */
		44A844781C4E1DE800864DFC /* Build configuration list for PBXProject "Xiami" */ = {
			isa = XCConfigurationList;
			buildConfigurations = (
				44A844921C4E1DE800864DFC /* Debug */,
				44A844931C4E1DE800864DFC /* Release */,
			);
			defaultConfigurationIsVisible = 0;
			defaultConfigurationName = Release;
		};
		44A844941C4E1DE800864DFC /* Build configuration list for PBXNativeTarget "Xiami" */ = {
			isa = XCConfigurationList;
			buildConfigurations = (
				44A844951C4E1DE800864DFC /* Debug */,
				44A844961C4E1DE800864DFC /* Release */,
			);
			defaultConfigurationIsVisible = 0;
			defaultConfigurationName = Release;
		};
/* End XCConfigurationList section */
	};
	rootObject = 44A844751C4E1DE800864DFC /* Project object */;
}
